// !$*UTF8*$!
{
	archiveVersion = 1;
	classes = {
	};
	objectVersion = 50;
	objects = {

/* Begin PBXBuildFile section */
		071B98185FFC7FFD6D78B936 /* Pods_StarWarsIMDB.framework in Frameworks */ = {isa = PBXBuildFile; fileRef = 1826524B26DD94732C3D3E4C /* Pods_StarWarsIMDB.framework */; };
		A038AC97212081C600177CC4 /* FilmTableViewCell.swift in Sources */ = {isa = PBXBuildFile; fileRef = A038AC96212081C600177CC4 /* FilmTableViewCell.swift */; };
		A038AC992120A0C900177CC4 /* API.swift in Sources */ = {isa = PBXBuildFile; fileRef = A038AC982120A0C900177CC4 /* API.swift */; };
		A080AA57211754DB00156134 /* AppDelegate.swift in Sources */ = {isa = PBXBuildFile; fileRef = A080AA56211754DB00156134 /* AppDelegate.swift */; };
		A080AA59211754DB00156134 /* FilmListViewController.swift in Sources */ = {isa = PBXBuildFile; fileRef = A080AA58211754DB00156134 /* FilmListViewController.swift */; };
		A080AA5C211754DB00156134 /* Main.storyboard in Resources */ = {isa = PBXBuildFile; fileRef = A080AA5A211754DB00156134 /* Main.storyboard */; };
		A080AA5E211754DD00156134 /* Assets.xcassets in Resources */ = {isa = PBXBuildFile; fileRef = A080AA5D211754DD00156134 /* Assets.xcassets */; };
		A080AA61211754DD00156134 /* LaunchScreen.storyboard in Resources */ = {isa = PBXBuildFile; fileRef = A080AA5F211754DD00156134 /* LaunchScreen.storyboard */; };
		A080AA6A2117586900156134 /* schema.json in Resources */ = {isa = PBXBuildFile; fileRef = A080AA692117586900156134 /* schema.json */; };
		A080AA6C21182DF100156134 /* queries.graphql in Resources */ = {isa = PBXBuildFile; fileRef = A080AA6B21182DF100156134 /* queries.graphql */; };
		A0BF26C021354B7B00F94982 /* FilmDetailViewController.swift in Sources */ = {isa = PBXBuildFile; fileRef = A0BF26BF21354B7B00F94982 /* FilmDetailViewController.swift */; };
		A0BF26C22135659300F94982 /* String+Base64.swift in Sources */ = {isa = PBXBuildFile; fileRef = A0BF26C12135659300F94982 /* String+Base64.swift */; };
		A0BF26C421356DA800F94982 /* CharacterTableViewCell.swift in Sources */ = {isa = PBXBuildFile; fileRef = A0BF26C321356DA800F94982 /* CharacterTableViewCell.swift */; };
/* End PBXBuildFile section */

/* Begin PBXFileReference section */
		0B6F707253ECAD4E00B2A984 /* Pods-StarWarsIMDB.release.xcconfig */ = {isa = PBXFileReference; includeInIndex = 1; lastKnownFileType = text.xcconfig; name = "Pods-StarWarsIMDB.release.xcconfig"; path = "Pods/Target Support Files/Pods-StarWarsIMDB/Pods-StarWarsIMDB.release.xcconfig"; sourceTree = "<group>"; };
		1826524B26DD94732C3D3E4C /* Pods_StarWarsIMDB.framework */ = {isa = PBXFileReference; explicitFileType = wrapper.framework; includeInIndex = 0; path = Pods_StarWarsIMDB.framework; sourceTree = BUILT_PRODUCTS_DIR; };
		44D2550AAF68CF198D3E8DD5 /* Pods-StarWarsIMDB.debug.xcconfig */ = {isa = PBXFileReference; includeInIndex = 1; lastKnownFileType = text.xcconfig; name = "Pods-StarWarsIMDB.debug.xcconfig"; path = "Pods/Target Support Files/Pods-StarWarsIMDB/Pods-StarWarsIMDB.debug.xcconfig"; sourceTree = "<group>"; };
		A038AC96212081C600177CC4 /* FilmTableViewCell.swift */ = {isa = PBXFileReference; lastKnownFileType = sourcecode.swift; path = FilmTableViewCell.swift; sourceTree = "<group>"; };
		A038AC982120A0C900177CC4 /* API.swift */ = {isa = PBXFileReference; fileEncoding = 4; lastKnownFileType = sourcecode.swift; path = API.swift; sourceTree = "<group>"; };
		A080AA53211754DB00156134 /* StarWarsIMDB.app */ = {isa = PBXFileReference; explicitFileType = wrapper.application; includeInIndex = 0; path = StarWarsIMDB.app; sourceTree = BUILT_PRODUCTS_DIR; };
		A080AA56211754DB00156134 /* AppDelegate.swift */ = {isa = PBXFileReference; lastKnownFileType = sourcecode.swift; path = AppDelegate.swift; sourceTree = "<group>"; };
		A080AA58211754DB00156134 /* FilmListViewController.swift */ = {isa = PBXFileReference; lastKnownFileType = sourcecode.swift; path = FilmListViewController.swift; sourceTree = "<group>"; };
		A080AA5B211754DB00156134 /* Base */ = {isa = PBXFileReference; lastKnownFileType = file.storyboard; name = Base; path = Base.lproj/Main.storyboard; sourceTree = "<group>"; };
		A080AA5D211754DD00156134 /* Assets.xcassets */ = {isa = PBXFileReference; lastKnownFileType = folder.assetcatalog; path = Assets.xcassets; sourceTree = "<group>"; };
		A080AA60211754DD00156134 /* Base */ = {isa = PBXFileReference; lastKnownFileType = file.storyboard; name = Base; path = Base.lproj/LaunchScreen.storyboard; sourceTree = "<group>"; };
		A080AA62211754DD00156134 /* Info.plist */ = {isa = PBXFileReference; lastKnownFileType = text.plist.xml; path = Info.plist; sourceTree = "<group>"; };
		A080AA692117586900156134 /* schema.json */ = {isa = PBXFileReference; fileEncoding = 4; lastKnownFileType = text.json; path = schema.json; sourceTree = "<group>"; };
		A080AA6B21182DF100156134 /* queries.graphql */ = {isa = PBXFileReference; lastKnownFileType = text; path = queries.graphql; sourceTree = "<group>"; };
		A0BF26BF21354B7B00F94982 /* FilmDetailViewController.swift */ = {isa = PBXFileReference; lastKnownFileType = sourcecode.swift; path = FilmDetailViewController.swift; sourceTree = "<group>"; };
		A0BF26C12135659300F94982 /* String+Base64.swift */ = {isa = PBXFileReference; lastKnownFileType = sourcecode.swift; path = "String+Base64.swift"; sourceTree = "<group>"; };
		A0BF26C321356DA800F94982 /* CharacterTableViewCell.swift */ = {isa = PBXFileReference; lastKnownFileType = sourcecode.swift; path = CharacterTableViewCell.swift; sourceTree = "<group>"; };
/* End PBXFileReference section */

/* Begin PBXFrameworksBuildPhase section */
		A080AA50211754DB00156134 /* Frameworks */ = {
			isa = PBXFrameworksBuildPhase;
			buildActionMask = 2147483647;
			files = (
				071B98185FFC7FFD6D78B936 /* Pods_StarWarsIMDB.framework in Frameworks */,
			);
			runOnlyForDeploymentPostprocessing = 0;
		};
/* End PBXFrameworksBuildPhase section */

/* Begin PBXGroup section */
		2A9E76A6265DD73B3677F624 /* Pods */ = {
			isa = PBXGroup;
			children = (
				44D2550AAF68CF198D3E8DD5 /* Pods-StarWarsIMDB.debug.xcconfig */,
				0B6F707253ECAD4E00B2A984 /* Pods-StarWarsIMDB.release.xcconfig */,
			);
			name = Pods;
			sourceTree = "<group>";
		};
		8485C65AD40A5A1C4E68AE91 /* Frameworks */ = {
			isa = PBXGroup;
			children = (
				1826524B26DD94732C3D3E4C /* Pods_StarWarsIMDB.framework */,
			);
			name = Frameworks;
			sourceTree = "<group>";
		};
		A080AA4A211754DB00156134 = {
			isa = PBXGroup;
			children = (
				A080AA55211754DB00156134 /* StarWarsIMDB */,
				A080AA54211754DB00156134 /* Products */,
				2A9E76A6265DD73B3677F624 /* Pods */,
				8485C65AD40A5A1C4E68AE91 /* Frameworks */,
			);
			sourceTree = "<group>";
		};
		A080AA54211754DB00156134 /* Products */ = {
			isa = PBXGroup;
			children = (
				A080AA53211754DB00156134 /* StarWarsIMDB.app */,
			);
			name = Products;
			sourceTree = "<group>";
		};
		A080AA55211754DB00156134 /* StarWarsIMDB */ = {
			isa = PBXGroup;
			children = (
				A080AA692117586900156134 /* schema.json */,
				A080AA6B21182DF100156134 /* queries.graphql */,
				A038AC982120A0C900177CC4 /* API.swift */,
				A080AA56211754DB00156134 /* AppDelegate.swift */,
				A080AA58211754DB00156134 /* FilmListViewController.swift */,
				A038AC96212081C600177CC4 /* FilmTableViewCell.swift */,
				A0BF26BF21354B7B00F94982 /* FilmDetailViewController.swift */,
				A0BF26C321356DA800F94982 /* CharacterTableViewCell.swift */,
				A0BF26C12135659300F94982 /* String+Base64.swift */,
				A080AA5A211754DB00156134 /* Main.storyboard */,
				A080AA5D211754DD00156134 /* Assets.xcassets */,
				A080AA5F211754DD00156134 /* LaunchScreen.storyboard */,
				A080AA62211754DD00156134 /* Info.plist */,
			);
			path = StarWarsIMDB;
			sourceTree = "<group>";
		};
/* End PBXGroup section */

/* Begin PBXNativeTarget section */
		A080AA52211754DB00156134 /* StarWarsIMDB */ = {
			isa = PBXNativeTarget;
			buildConfigurationList = A080AA65211754DD00156134 /* Build configuration list for PBXNativeTarget "StarWarsIMDB" */;
			buildPhases = (
				2A572B01A4E2B5D798229B7D /* [CP] Check Pods Manifest.lock */,
				A080AA682117554500156134 /* Generate GraphQL source */,
				A080AA4F211754DB00156134 /* Sources */,
				A080AA50211754DB00156134 /* Frameworks */,
				A080AA51211754DB00156134 /* Resources */,
				80771F3E3C93591A765F4FAA /* [CP] Embed Pods Frameworks */,
			);
			buildRules = (
			);
			dependencies = (
			);
			name = StarWarsIMDB;
			productName = StarWarsIMDB;
			productReference = A080AA53211754DB00156134 /* StarWarsIMDB.app */;
			productType = "com.apple.product-type.application";
		};
/* End PBXNativeTarget section */

/* Begin PBXProject section */
		A080AA4B211754DB00156134 /* Project object */ = {
			isa = PBXProject;
			attributes = {
				LastSwiftUpdateCheck = 0940;
				LastUpgradeCheck = 0940;
				ORGANIZATIONNAME = Otaku;
				TargetAttributes = {
					A080AA52211754DB00156134 = {
						CreatedOnToolsVersion = 9.4.1;
					};
				};
			};
			buildConfigurationList = A080AA4E211754DB00156134 /* Build configuration list for PBXProject "StarWarsIMDB" */;
			compatibilityVersion = "Xcode 9.3";
			developmentRegion = en;
			hasScannedForEncodings = 0;
			knownRegions = (
				en,
				Base,
			);
			mainGroup = A080AA4A211754DB00156134;
			productRefGroup = A080AA54211754DB00156134 /* Products */;
			projectDirPath = "";
			projectRoot = "";
			targets = (
				A080AA52211754DB00156134 /* StarWarsIMDB */,
			);
		};
/* End PBXProject section */

/* Begin PBXResourcesBuildPhase section */
		A080AA51211754DB00156134 /* Resources */ = {
			isa = PBXResourcesBuildPhase;
			buildActionMask = 2147483647;
			files = (
				A080AA6C21182DF100156134 /* queries.graphql in Resources */,
				A080AA6A2117586900156134 /* schema.json in Resources */,
				A080AA61211754DD00156134 /* LaunchScreen.storyboard in Resources */,
				A080AA5E211754DD00156134 /* Assets.xcassets in Resources */,
				A080AA5C211754DB00156134 /* Main.storyboard in Resources */,
			);
			runOnlyForDeploymentPostprocessing = 0;
		};
/* End PBXResourcesBuildPhase section */

/* Begin PBXShellScriptBuildPhase section */
		2A572B01A4E2B5D798229B7D /* [CP] Check Pods Manifest.lock */ = {
			isa = PBXShellScriptBuildPhase;
			buildActionMask = 2147483647;
			files = (
			);
			inputPaths = (
				"${PODS_PODFILE_DIR_PATH}/Podfile.lock",
				"${PODS_ROOT}/Manifest.lock",
			);
			name = "[CP] Check Pods Manifest.lock";
			outputPaths = (
				"$(DERIVED_FILE_DIR)/Pods-StarWarsIMDB-checkManifestLockResult.txt",
			);
			runOnlyForDeploymentPostprocessing = 0;
			shellPath = /bin/sh;
			shellScript = "diff \"${PODS_PODFILE_DIR_PATH}/Podfile.lock\" \"${PODS_ROOT}/Manifest.lock\" > /dev/null\nif [ $? != 0 ] ; then\n    # print error to STDERR\n    echo \"error: The sandbox is not in sync with the Podfile.lock. Run 'pod install' or update your CocoaPods installation.\" >&2\n    exit 1\nfi\n# This output is used by Xcode 'outputs' to avoid re-running this script phase.\necho \"SUCCESS\" > \"${SCRIPT_OUTPUT_FILE_0}\"\n";
			showEnvVarsInLog = 0;
		};
		80771F3E3C93591A765F4FAA /* [CP] Embed Pods Frameworks */ = {
			isa = PBXShellScriptBuildPhase;
			buildActionMask = 2147483647;
			files = (
			);
			inputPaths = (
				"${SRCROOT}/Pods/Target Support Files/Pods-StarWarsIMDB/Pods-StarWarsIMDB-frameworks.sh",
				"${BUILT_PRODUCTS_DIR}/Apollo/Apollo.framework",
			);
			name = "[CP] Embed Pods Frameworks";
			outputPaths = (
				"${TARGET_BUILD_DIR}/${FRAMEWORKS_FOLDER_PATH}/Apollo.framework",
			);
			runOnlyForDeploymentPostprocessing = 0;
			shellPath = /bin/sh;
			shellScript = "\"${SRCROOT}/Pods/Target Support Files/Pods-StarWarsIMDB/Pods-StarWarsIMDB-frameworks.sh\"\n";
			showEnvVarsInLog = 0;
		};
		A080AA682117554500156134 /* Generate GraphQL source */ = {
			isa = PBXShellScriptBuildPhase;
			buildActionMask = 2147483647;
			files = (
			);
			inputPaths = (
			);
			name = "Generate GraphQL source";
			outputPaths = (
			);
			runOnlyForDeploymentPostprocessing = 0;
			shellPath = /bin/sh;
			shellScript = "APOLLO_FRAMEWORK_PATH=\"$(eval find $FRAMEWORK_SEARCH_PATHS -name \"Apollo.framework\" -maxdepth 1)\"\n\nif [ -z \"$APOLLO_FRAMEWORK_PATH\" ]; then\necho \"error: Couldn't find Apollo.framework in FRAMEWORK_SEARCH_PATHS; make sure to add the framework to your project.\"\nexit 1\nfi\n\ncd \"${SRCROOT}/${TARGET_NAME}\"\n$APOLLO_FRAMEWORK_PATH/check-and-run-apollo-cli.sh codegen:generate --queries=\"$(find . -name '*.graphql')\" --schema=schema.json API.swift";
		};
/* End PBXShellScriptBuildPhase section */

/* Begin PBXSourcesBuildPhase section */
		A080AA4F211754DB00156134 /* Sources */ = {
			isa = PBXSourcesBuildPhase;
			buildActionMask = 2147483647;
			files = (
				A080AA59211754DB00156134 /* FilmListViewController.swift in Sources */,
				A0BF26C421356DA800F94982 /* CharacterTableViewCell.swift in Sources */,
				A0BF26C22135659300F94982 /* String+Base64.swift in Sources */,
				A038AC97212081C600177CC4 /* FilmTableViewCell.swift in Sources */,
				A0BF26C021354B7B00F94982 /* FilmDetailViewController.swift in Sources */,
				A038AC992120A0C900177CC4 /* API.swift in Sources */,
				A080AA57211754DB00156134 /* AppDelegate.swift in Sources */,
			);
			runOnlyForDeploymentPostprocessing = 0;
		};
/* End PBXSourcesBuildPhase section */

/* Begin PBXVariantGroup section */
		A080AA5A211754DB00156134 /* Main.storyboard */ = {
			isa = PBXVariantGroup;
			children = (
				A080AA5B211754DB00156134 /* Base */,
			);
			name = Main.storyboard;
			sourceTree = "<group>";
		};
		A080AA5F211754DD00156134 /* LaunchScreen.storyboard */ = {
			isa = PBXVariantGroup;
			children = (
				A080AA60211754DD00156134 /* Base */,
			);
			name = LaunchScreen.storyboard;
			sourceTree = "<group>";
		};
/* End PBXVariantGroup section */

/* Begin XCBuildConfiguration section */
		A080AA63211754DD00156134 /* Debug */ = {
			isa = XCBuildConfiguration;
			buildSettings = {
				ALWAYS_SEARCH_USER_PATHS = NO;
				CLANG_ANALYZER_NONNULL = YES;
				CLANG_ANALYZER_NUMBER_OBJECT_CONVERSION = YES_AGGRESSIVE;
				CLANG_CXX_LANGUAGE_STANDARD = "gnu++14";
				CLANG_CXX_LIBRARY = "libc++";
				CLANG_ENABLE_MODULES = YES;
				CLANG_ENABLE_OBJC_ARC = YES;
				CLANG_ENABLE_OBJC_WEAK = YES;
				CLANG_WARN_BLOCK_CAPTURE_AUTORELEASING = YES;
				CLANG_WARN_BOOL_CONVERSION = YES;
				CLANG_WARN_COMMA = YES;
				CLANG_WARN_CONSTANT_CONVERSION = YES;
				CLANG_WARN_DEPRECATED_OBJC_IMPLEMENTATIONS = YES;
				CLANG_WARN_DIRECT_OBJC_ISA_USAGE = YES_ERROR;
				CLANG_WARN_DOCUMENTATION_COMMENTS = YES;
				CLANG_WARN_EMPTY_BODY = YES;
				CLANG_WARN_ENUM_CONVERSION = YES;
				CLANG_WARN_INFINITE_RECURSION = YES;
				CLANG_WARN_INT_CONVERSION = YES;
				CLANG_WARN_NON_LITERAL_NULL_CONVERSION = YES;
				CLANG_WARN_OBJC_IMPLICIT_RETAIN_SELF = YES;
				CLANG_WARN_OBJC_LITERAL_CONVERSION = YES;
				CLANG_WARN_OBJC_ROOT_CLASS = YES_ERROR;
				CLANG_WARN_RANGE_LOOP_ANALYSIS = YES;
				CLANG_WARN_STRICT_PROTOTYPES = YES;
				CLANG_WARN_SUSPICIOUS_MOVE = YES;
				CLANG_WARN_UNGUARDED_AVAILABILITY = YES_AGGRESSIVE;
				CLANG_WARN_UNREACHABLE_CODE = YES;
				CLANG_WARN__DUPLICATE_METHOD_MATCH = YES;
				CODE_SIGN_IDENTITY = "iPhone Developer";
				COPY_PHASE_STRIP = NO;
				DEBUG_INFORMATION_FORMAT = dwarf;
				ENABLE_STRICT_OBJC_MSGSEND = YES;
				ENABLE_TESTABILITY = YES;
				GCC_C_LANGUAGE_STANDARD = gnu11;
				GCC_DYNAMIC_NO_PIC = NO;
				GCC_NO_COMMON_BLOCKS = YES;
				GCC_OPTIMIZATION_LEVEL = 0;
				GCC_PREPROCESSOR_DEFINITIONS = (
					"DEBUG=1",
					"$(inherited)",
				);
				GCC_WARN_64_TO_32_BIT_CONVERSION = YES;
				GCC_WARN_ABOUT_RETURN_TYPE = YES_ERROR;
				GCC_WARN_UNDECLARED_SELECTOR = YES;
				GCC_WARN_UNINITIALIZED_AUTOS = YES_AGGRESSIVE;
				GCC_WARN_UNUSED_FUNCTION = YES;
				GCC_WARN_UNUSED_VARIABLE = YES;
				IPHONEOS_DEPLOYMENT_TARGET = 11.4;
				MTL_ENABLE_DEBUG_INFO = YES;
				ONLY_ACTIVE_ARCH = YES;
				SDKROOT = iphoneos;
				SWIFT_ACTIVE_COMPILATION_CONDITIONS = DEBUG;
				SWIFT_OPTIMIZATION_LEVEL = "-Onone";
			};
			name = Debug;
		};
		A080AA64211754DD00156134 /* Release */ = {
			isa = XCBuildConfiguration;
			buildSettings = {
				ALWAYS_SEARCH_USER_PATHS = NO;
				CLANG_ANALYZER_NONNULL = YES;
				CLANG_ANALYZER_NUMBER_OBJECT_CONVERSION = YES_AGGRESSIVE;
				CLANG_CXX_LANGUAGE_STANDARD = "gnu++14";
				CLANG_CXX_LIBRARY = "libc++";
				CLANG_ENABLE_MODULES = YES;
				CLANG_ENABLE_OBJC_ARC = YES;
				CLANG_ENABLE_OBJC_WEAK = YES;
				CLANG_WARN_BLOCK_CAPTURE_AUTORELEASING = YES;
				CLANG_WARN_BOOL_CONVERSION = YES;
				CLANG_WARN_COMMA = YES;
				CLANG_WARN_CONSTANT_CONVERSION = YES;
				CLANG_WARN_DEPRECATED_OBJC_IMPLEMENTATIONS = YES;
				CLANG_WARN_DIRECT_OBJC_ISA_USAGE = YES_ERROR;
				CLANG_WARN_DOCUMENTATION_COMMENTS = YES;
				CLANG_WARN_EMPTY_BODY = YES;
				CLANG_WARN_ENUM_CONVERSION = YES;
				CLANG_WARN_INFINITE_RECURSION = YES;
				CLANG_WARN_INT_CONVERSION = YES;
				CLANG_WARN_NON_LITERAL_NULL_CONVERSION = YES;
				CLANG_WARN_OBJC_IMPLICIT_RETAIN_SELF = YES;
				CLANG_WARN_OBJC_LITERAL_CONVERSION = YES;
				CLANG_WARN_OBJC_ROOT_CLASS = YES_ERROR;
				CLANG_WARN_RANGE_LOOP_ANALYSIS = YES;
				CLANG_WARN_STRICT_PROTOTYPES = YES;
				CLANG_WARN_SUSPICIOUS_MOVE = YES;
				CLANG_WARN_UNGUARDED_AVAILABILITY = YES_AGGRESSIVE;
				CLANG_WARN_UNREACHABLE_CODE = YES;
				CLANG_WARN__DUPLICATE_METHOD_MATCH = YES;
				CODE_SIGN_IDENTITY = "iPhone Developer";
				COPY_PHASE_STRIP = NO;
				DEBUG_INFORMATION_FORMAT = "dwarf-with-dsym";
				ENABLE_NS_ASSERTIONS = NO;
				ENABLE_STRICT_OBJC_MSGSEND = YES;
				GCC_C_LANGUAGE_STANDARD = gnu11;
				GCC_NO_COMMON_BLOCKS = YES;
				GCC_WARN_64_TO_32_BIT_CONVERSION = YES;
				GCC_WARN_ABOUT_RETURN_TYPE = YES_ERROR;
				GCC_WARN_UNDECLARED_SELECTOR = YES;
				GCC_WARN_UNINITIALIZED_AUTOS = YES_AGGRESSIVE;
				GCC_WARN_UNUSED_FUNCTION = YES;
				GCC_WARN_UNUSED_VARIABLE = YES;
				IPHONEOS_DEPLOYMENT_TARGET = 11.4;
				MTL_ENABLE_DEBUG_INFO = NO;
				SDKROOT = iphoneos;
				SWIFT_COMPILATION_MODE = wholemodule;
				SWIFT_OPTIMIZATION_LEVEL = "-O";
				VALIDATE_PRODUCT = YES;
			};
			name = Release;
		};
		A080AA66211754DD00156134 /* Debug */ = {
			isa = XCBuildConfiguration;
			baseConfigurationReference = 44D2550AAF68CF198D3E8DD5 /* Pods-StarWarsIMDB.debug.xcconfig */;
			buildSettings = {
				ASSETCATALOG_COMPILER_APPICON_NAME = AppIcon;
				CODE_SIGN_STYLE = Automatic;
				DEVELOPMENT_TEAM = 993FLJTASU;
				INFOPLIST_FILE = StarWarsIMDB/Info.plist;
				LD_RUNPATH_SEARCH_PATHS = (
					"$(inherited)",
					"@executable_path/Frameworks",
				);
				PRODUCT_BUNDLE_IDENTIFIER = com.otaku.StarWarsIMDB;
				PRODUCT_NAME = "$(TARGET_NAME)";
				SWIFT_VERSION = 4.0;
				TARGETED_DEVICE_FAMILY = "1,2";
			};
			name = Debug;
		};
		A080AA67211754DD00156134 /* Release */ = {
			isa = XCBuildConfiguration;
			baseConfigurationReference = 0B6F707253ECAD4E00B2A984 /* Pods-StarWarsIMDB.release.xcconfig */;
			buildSettings = {
				ASSETCATALOG_COMPILER_APPICON_NAME = AppIcon;
				CODE_SIGN_STYLE = Automatic;
				DEVELOPMENT_TEAM = 993FLJTASU;
				INFOPLIST_FILE = StarWarsIMDB/Info.plist;
				LD_RUNPATH_SEARCH_PATHS = (
					"$(inherited)",
					"@executable_path/Frameworks",
				);
				PRODUCT_BUNDLE_IDENTIFIER = com.otaku.StarWarsIMDB;
				PRODUCT_NAME = "$(TARGET_NAME)";
				SWIFT_VERSION = 4.0;
				TARGETED_DEVICE_FAMILY = "1,2";
			};
			name = Release;
		};
/* End XCBuildConfiguration section */

/* Begin XCConfigurationList section */
		A080AA4E211754DB00156134 /* Build configuration list for PBXProject "StarWarsIMDB" */ = {
			isa = XCConfigurationList;
			buildConfigurations = (
				A080AA63211754DD00156134 /* Debug */,
				A080AA64211754DD00156134 /* Release */,
			);
			defaultConfigurationIsVisible = 0;
			defaultConfigurationName = Release;
		};
		A080AA65211754DD00156134 /* Build configuration list for PBXNativeTarget "StarWarsIMDB" */ = {
			isa = XCConfigurationList;
			buildConfigurations = (
				A080AA66211754DD00156134 /* Debug */,
				A080AA67211754DD00156134 /* Release */,
			);
			defaultConfigurationIsVisible = 0;
			defaultConfigurationName = Release;
		};
/* End XCConfigurationList section */
	};
	rootObject = A080AA4B211754DB00156134 /* Project object */;
}
